
Microsoft Visual Studio Solution File, Format Version 12.00
# Visual Studio Version 16
VisualStudioVersion = 16.0.28803.202
MinimumVisualStudioVersion = 10.0.40219.1
Project("{FAE04EC0-301F-11D3-BF4B-00C04F79EFBC}") = "Operatorler", "Operatorler\Operatorler.csproj", "{1163332A-7D19-4A6E-96C5-67180A5355BD}"
EndProject
Global
	GlobalSection(SolutionConfigurationPlatforms) = preSolution
		Debug|Any CPU = Debug|Any CPU
		Release|Any CPU = Release|Any CPU
	EndGlobalSection
	GlobalSection(ProjectConfigurationPlatforms) = postSolution
		{1163332A-7D19-4A6E-96C5-67180A5355BD}.Debug|Any CPU.ActiveCfg = Debug|Any CPU
		{1163332A-7D19-4A6E-96C5-67180A5355BD}.Debug|Any CPU.Build.0 = Debug|Any CPU
		{1163332A-7D19-4A6E-96C5-67180A5355BD}.Release|Any CPU.ActiveCfg = Release|Any CPU
		{1163332A-7D19-4A6E-96C5-67180A5355BD}.Release|Any CPU.Build.0 = Release|Any CPU
	EndGlobalSection
	GlobalSection(SolutionProperties) = preSolution
		HideSolutionNode = FALSE
	EndGlobalSection
	GlobalSection(ExtensibilityGlobals) = postSolution
		SolutionGuid = {619835AD-6BDE-4421-8912-79361778F231}
	EndGlobalSection
EndGlobal
